
Microsoft Visual Studio Solution File, Format Version 12.00
# Visual Studio 15
VisualStudioVersion = 15.0.26124.0
MinimumVisualStudioVersion = 15.0.26124.0
Project("{FAE04EC0-301F-11D3-BF4B-00C04F79EFBC}") = "Domain", "Domain\Domain.csproj", "{644A5B13-F837-455B-A114-4153A817EF2A}"
EndProject
Project("{FAE04EC0-301F-11D3-BF4B-00C04F79EFBC}") = "Application", "Application\Application.csproj", "{688DB08C-6E61-4916-9A57-3FFA4F4CE16E}"
EndProject
Project("{FAE04EC0-301F-11D3-BF4B-00C04F79EFBC}") = "Persistence", "Persistence\Persistence.csproj", "{0A36B319-09BD-4877-A589-09BE40350EA7}"
EndProject
Project("{FAE04EC0-301F-11D3-BF4B-00C04F79EFBC}") = "API", "API\API.csproj", "{262E9C16-BF65-4CAC-802F-5AFCF75837C0}"
EndProject
Global
	GlobalSection(SolutionConfigurationPlatforms) = preSolution
		Debug|Any CPU = Debug|Any CPU
		Debug|x64 = Debug|x64
		Debug|x86 = Debug|x86
		Release|Any CPU = Release|Any CPU
		Release|x64 = Release|x64
		Release|x86 = Release|x86
	EndGlobalSection
	GlobalSection(SolutionProperties) = preSolution
		HideSolutionNode = FALSE
	EndGlobalSection
	GlobalSection(ProjectConfigurationPlatforms) = postSolution
		{644A5B13-F837-455B-A114-4153A817EF2A}.Debug|Any CPU.ActiveCfg = Debug|Any CPU
		{644A5B13-F837-455B-A114-4153A817EF2A}.Debug|Any CPU.Build.0 = Debug|Any CPU
		{644A5B13-F837-455B-A114-4153A817EF2A}.Debug|x64.ActiveCfg = Debug|Any CPU
		{644A5B13-F837-455B-A114-4153A817EF2A}.Debug|x64.Build.0 = Debug|Any CPU
		{644A5B13-F837-455B-A114-4153A817EF2A}.Debug|x86.ActiveCfg = Debug|Any CPU
		{644A5B13-F837-455B-A114-4153A817EF2A}.Debug|x86.Build.0 = Debug|Any CPU
		{644A5B13-F837-455B-A114-4153A817EF2A}.Release|Any CPU.ActiveCfg = Release|Any CPU
		{644A5B13-F837-455B-A114-4153A817EF2A}.Release|Any CPU.Build.0 = Release|Any CPU
		{644A5B13-F837-455B-A114-4153A817EF2A}.Release|x64.ActiveCfg = Release|Any CPU
		{644A5B13-F837-455B-A114-4153A817EF2A}.Release|x64.Build.0 = Release|Any CPU
		{644A5B13-F837-455B-A114-4153A817EF2A}.Release|x86.ActiveCfg = Release|Any CPU
		{644A5B13-F837-455B-A114-4153A817EF2A}.Release|x86.Build.0 = Release|Any CPU
		{688DB08C-6E61-4916-9A57-3FFA4F4CE16E}.Debug|Any CPU.ActiveCfg = Debug|Any CPU
		{688DB08C-6E61-4916-9A57-3FFA4F4CE16E}.Debug|Any CPU.Build.0 = Debug|Any CPU
		{688DB08C-6E61-4916-9A57-3FFA4F4CE16E}.Debug|x64.ActiveCfg = Debug|Any CPU
		{688DB08C-6E61-4916-9A57-3FFA4F4CE16E}.Debug|x64.Build.0 = Debug|Any CPU
		{688DB08C-6E61-4916-9A57-3FFA4F4CE16E}.Debug|x86.ActiveCfg = Debug|Any CPU
		{688DB08C-6E61-4916-9A57-3FFA4F4CE16E}.Debug|x86.Build.0 = Debug|Any CPU
		{688DB08C-6E61-4916-9A57-3FFA4F4CE16E}.Release|Any CPU.ActiveCfg = Release|Any CPU
		{688DB08C-6E61-4916-9A57-3FFA4F4CE16E}.Release|Any CPU.Build.0 = Release|Any CPU
		{688DB08C-6E61-4916-9A57-3FFA4F4CE16E}.Release|x64.ActiveCfg = Release|Any CPU
		{688DB08C-6E61-4916-9A57-3FFA4F4CE16E}.Release|x64.Build.0 = Release|Any CPU
		{688DB08C-6E61-4916-9A57-3FFA4F4CE16E}.Release|x86.ActiveCfg = Release|Any CPU
		{688DB08C-6E61-4916-9A57-3FFA4F4CE16E}.Release|x86.Build.0 = Release|Any CPU
		{0A36B319-09BD-4877-A589-09BE40350EA7}.Debug|Any CPU.ActiveCfg = Debug|Any CPU
		{0A36B319-09BD-4877-A589-09BE40350EA7}.Debug|Any CPU.Build.0 = Debug|Any CPU
		{0A36B319-09BD-4877-A589-09BE40350EA7}.Debug|x64.ActiveCfg = Debug|Any CPU
		{0A36B319-09BD-4877-A589-09BE40350EA7}.Debug|x64.Build.0 = Debug|Any CPU
		{0A36B319-09BD-4877-A589-09BE40350EA7}.Debug|x86.ActiveCfg = Debug|Any CPU
		{0A36B319-09BD-4877-A589-09BE40350EA7}.Debug|x86.Build.0 = Debug|Any CPU
		{0A36B319-09BD-4877-A589-09BE40350EA7}.Release|Any CPU.ActiveCfg = Release|Any CPU
		{0A36B319-09BD-4877-A589-09BE40350EA7}.Release|Any CPU.Build.0 = Release|Any CPU
		{0A36B319-09BD-4877-A589-09BE40350EA7}.Release|x64.ActiveCfg = Release|Any CPU
		{0A36B319-09BD-4877-A589-09BE40350EA7}.Release|x64.Build.0 = Release|Any CPU
		{0A36B319-09BD-4877-A589-09BE40350EA7}.Release|x86.ActiveCfg = Release|Any CPU
		{0A36B319-09BD-4877-A589-09BE40350EA7}.Release|x86.Build.0 = Release|Any CPU
		{262E9C16-BF65-4CAC-802F-5AFCF75837C0}.Debug|Any CPU.ActiveCfg = Debug|Any CPU
		{262E9C16-BF65-4CAC-802F-5AFCF75837C0}.Debug|Any CPU.Build.0 = Debug|Any CPU
		{262E9C16-BF65-4CAC-802F-5AFCF75837C0}.Debug|x64.ActiveCfg = Debug|Any CPU
		{262E9C16-BF65-4CAC-802F-5AFCF75837C0}.Debug|x64.Build.0 = Debug|Any CPU
		{262E9C16-BF65-4CAC-802F-5AFCF75837C0}.Debug|x86.ActiveCfg = Debug|Any CPU
		{262E9C16-BF65-4CAC-802F-5AFCF75837C0}.Debug|x86.Build.0 = Debug|Any CPU
		{262E9C16-BF65-4CAC-802F-5AFCF75837C0}.Release|Any CPU.ActiveCfg = Release|Any CPU
		{262E9C16-BF65-4CAC-802F-5AFCF75837C0}.Release|Any CPU.Build.0 = Release|Any CPU
		{262E9C16-BF65-4CAC-802F-5AFCF75837C0}.Release|x64.ActiveCfg = Release|Any CPU
		{262E9C16-BF65-4CAC-802F-5AFCF75837C0}.Release|x64.Build.0 = Release|Any CPU
		{262E9C16-BF65-4CAC-802F-5AFCF75837C0}.Release|x86.ActiveCfg = Release|Any CPU
		{262E9C16-BF65-4CAC-802F-5AFCF75837C0}.Release|x86.Build.0 = Release|Any CPU
	EndGlobalSection
EndGlobal
